// !$*UTF8*$!
{
	archiveVersion = 1;
	classes = {
	};
	objectVersion = 45;
	objects = {

/* Begin PBXBuildFile section */
		1D3623260D0F684500981E51 /* Twitter_SearchAppDelegate.m in Sources */ = {isa = PBXBuildFile; fileRef = 1D3623250D0F684500981E51 /* Twitter_SearchAppDelegate.m */; };
		1D60589B0D05DD56006BFB54 /* main.m in Sources */ = {isa = PBXBuildFile; fileRef = 29B97316FDCFA39411CA2CEA /* main.m */; };
		1D60589F0D05DD5A006BFB54 /* Foundation.framework in Frameworks */ = {isa = PBXBuildFile; fileRef = 1D30AB110D05D00D00671497 /* Foundation.framework */; };
		1DF5F4E00D08C38300B7A737 /* UIKit.framework in Frameworks */ = {isa = PBXBuildFile; fileRef = 1DF5F4DF0D08C38300B7A737 /* UIKit.framework */; };
		288765A50DF7441C002DB57D /* CoreGraphics.framework in Frameworks */ = {isa = PBXBuildFile; fileRef = 288765A40DF7441C002DB57D /* CoreGraphics.framework */; };
		28AD733F0D9D9553002E5188 /* MainWindow.xib in Resources */ = {isa = PBXBuildFile; fileRef = 28AD733E0D9D9553002E5188 /* MainWindow.xib */; };
		709327A811C0B8970094860B /* Tweet.m in Sources */ = {isa = PBXBuildFile; fileRef = 709327A711C0B8970094860B /* Tweet.m */; };
		7093286E11C0C3EE0094860B /* NSObject+SBJSON.m in Sources */ = {isa = PBXBuildFile; fileRef = 7093286311C0C3EE0094860B /* NSObject+SBJSON.m */; };
		7093286F11C0C3EE0094860B /* NSString+SBJSON.m in Sources */ = {isa = PBXBuildFile; fileRef = 7093286511C0C3EE0094860B /* NSString+SBJSON.m */; };
		7093287011C0C3EE0094860B /* SBJSON.m in Sources */ = {isa = PBXBuildFile; fileRef = 7093286711C0C3EE0094860B /* SBJSON.m */; };
		7093287111C0C3EE0094860B /* SBJsonBase.m in Sources */ = {isa = PBXBuildFile; fileRef = 7093286911C0C3EE0094860B /* SBJsonBase.m */; };
		7093287211C0C3EE0094860B /* SBJsonParser.m in Sources */ = {isa = PBXBuildFile; fileRef = 7093286B11C0C3EE0094860B /* SBJsonParser.m */; };
		7093287311C0C3EE0094860B /* SBJsonWriter.m in Sources */ = {isa = PBXBuildFile; fileRef = 7093286D11C0C3EE0094860B /* SBJsonWriter.m */; };
		7093289D11C0C6E80094860B /* Twitter_SearchViewController.m in Sources */ = {isa = PBXBuildFile; fileRef = 7093289B11C0C6E80094860B /* Twitter_SearchViewController.m */; };
		7093289E11C0C6E80094860B /* Twitter_SearchViewController.xib in Resources */ = {isa = PBXBuildFile; fileRef = 7093289C11C0C6E80094860B /* Twitter_SearchViewController.xib */; };
/* End PBXBuildFile section */

/* Begin PBXFileReference section */
		1D30AB110D05D00D00671497 /* Foundation.framework */ = {isa = PBXFileReference; lastKnownFileType = wrapper.framework; name = Foundation.framework; path = System/Library/Frameworks/Foundation.framework; sourceTree = SDKROOT; };
		1D3623240D0F684500981E51 /* Twitter_SearchAppDelegate.h */ = {isa = PBXFileReference; fileEncoding = 4; lastKnownFileType = sourcecode.c.h; path = Twitter_SearchAppDelegate.h; sourceTree = "<group>"; };
		1D3623250D0F684500981E51 /* Twitter_SearchAppDelegate.m */ = {isa = PBXFileReference; fileEncoding = 4; lastKnownFileType = sourcecode.c.objc; path = Twitter_SearchAppDelegate.m; sourceTree = "<group>"; };
		1D6058910D05DD3D006BFB54 /* Twitter Search.app */ = {isa = PBXFileReference; explicitFileType = wrapper.application; includeInIndex = 0; path = "Twitter Search.app"; sourceTree = BUILT_PRODUCTS_DIR; };
		1DF5F4DF0D08C38300B7A737 /* UIKit.framework */ = {isa = PBXFileReference; lastKnownFileType = wrapper.framework; name = UIKit.framework; path = System/Library/Frameworks/UIKit.framework; sourceTree = SDKROOT; };
		288765A40DF7441C002DB57D /* CoreGraphics.framework */ = {isa = PBXFileReference; lastKnownFileType = wrapper.framework; name = CoreGraphics.framework; path = System/Library/Frameworks/CoreGraphics.framework; sourceTree = SDKROOT; };
		28AD733E0D9D9553002E5188 /* MainWindow.xib */ = {isa = PBXFileReference; lastKnownFileType = file.xib; path = MainWindow.xib; sourceTree = "<group>"; };
		29B97316FDCFA39411CA2CEA /* main.m */ = {isa = PBXFileReference; fileEncoding = 4; lastKnownFileType = sourcecode.c.objc; path = main.m; sourceTree = "<group>"; };
		32CA4F630368D1EE00C91783 /* Twitter_Search_Prefix.pch */ = {isa = PBXFileReference; fileEncoding = 4; lastKnownFileType = sourcecode.c.h; path = Twitter_Search_Prefix.pch; sourceTree = "<group>"; };
		709327A611C0B8970094860B /* Tweet.h */ = {isa = PBXFileReference; fileEncoding = 4; lastKnownFileType = sourcecode.c.h; path = Tweet.h; sourceTree = "<group>"; };
		709327A711C0B8970094860B /* Tweet.m */ = {isa = PBXFileReference; fileEncoding = 4; lastKnownFileType = sourcecode.c.objc; path = Tweet.m; sourceTree = "<group>"; };
		7093286111C0C3EE0094860B /* JSON.h */ = {isa = PBXFileReference; fileEncoding = 4; lastKnownFileType = sourcecode.c.h; name = JSON.h; path = Classes/JSON/JSON.h; sourceTree = SOURCE_ROOT; };
		7093286211C0C3EE0094860B /* NSObject+SBJSON.h */ = {isa = PBXFileReference; fileEncoding = 4; lastKnownFileType = sourcecode.c.h; name = "NSObject+SBJSON.h"; path = "Classes/JSON/NSObject+SBJSON.h"; sourceTree = SOURCE_ROOT; };
		7093286311C0C3EE0094860B /* NSObject+SBJSON.m */ = {isa = PBXFileReference; fileEncoding = 4; lastKnownFileType = sourcecode.c.objc; name = "NSObject+SBJSON.m"; path = "Classes/JSON/NSObject+SBJSON.m"; sourceTree = SOURCE_ROOT; };
		7093286411C0C3EE0094860B /* NSString+SBJSON.h */ = {isa = PBXFileReference; fileEncoding = 4; lastKnownFileType = sourcecode.c.h; name = "NSString+SBJSON.h"; path = "Classes/JSON/NSString+SBJSON.h"; sourceTree = SOURCE_ROOT; };
		7093286511C0C3EE0094860B /* NSString+SBJSON.m */ = {isa = PBXFileReference; fileEncoding = 4; lastKnownFileType = sourcecode.c.objc; name = "NSString+SBJSON.m"; path = "Classes/JSON/NSString+SBJSON.m"; sourceTree = SOURCE_ROOT; };
		7093286611C0C3EE0094860B /* SBJSON.h */ = {isa = PBXFileReference; fileEncoding = 4; lastKnownFileType = sourcecode.c.h; name = SBJSON.h; path = Classes/JSON/SBJSON.h; sourceTree = SOURCE_ROOT; };
		7093286711C0C3EE0094860B /* SBJSON.m */ = {isa = PBXFileReference; fileEncoding = 4; lastKnownFileType = sourcecode.c.objc; name = SBJSON.m; path = Classes/JSON/SBJSON.m; sourceTree = SOURCE_ROOT; };
		7093286811C0C3EE0094860B /* SBJsonBase.h */ = {isa = PBXFileReference; fileEncoding = 4; lastKnownFileType = sourcecode.c.h; name = SBJsonBase.h; path = Classes/JSON/SBJsonBase.h; sourceTree = SOURCE_ROOT; };
		7093286911C0C3EE0094860B /* SBJsonBase.m */ = {isa = PBXFileReference; fileEncoding = 4; lastKnownFileType = sourcecode.c.objc; name = SBJsonBase.m; path = Classes/JSON/SBJsonBase.m; sourceTree = SOURCE_ROOT; };
		7093286A11C0C3EE0094860B /* SBJsonParser.h */ = {isa = PBXFileReference; fileEncoding = 4; lastKnownFileType = sourcecode.c.h; name = SBJsonParser.h; path = Classes/JSON/SBJsonParser.h; sourceTree = SOURCE_ROOT; };
		7093286B11C0C3EE0094860B /* SBJsonParser.m */ = {isa = PBXFileReference; fileEncoding = 4; lastKnownFileType = sourcecode.c.objc; name = SBJsonParser.m; path = Classes/JSON/SBJsonParser.m; sourceTree = SOURCE_ROOT; };
		7093286C11C0C3EE0094860B /* SBJsonWriter.h */ = {isa = PBXFileReference; fileEncoding = 4; lastKnownFileType = sourcecode.c.h; name = SBJsonWriter.h; path = Classes/JSON/SBJsonWriter.h; sourceTree = SOURCE_ROOT; };
		7093286D11C0C3EE0094860B /* SBJsonWriter.m */ = {isa = PBXFileReference; fileEncoding = 4; lastKnownFileType = sourcecode.c.objc; name = SBJsonWriter.m; path = Classes/JSON/SBJsonWriter.m; sourceTree = SOURCE_ROOT; };
		7093289A11C0C6E80094860B /* Twitter_SearchViewController.h */ = {isa = PBXFileReference; fileEncoding = 4; lastKnownFileType = sourcecode.c.h; path = Twitter_SearchViewController.h; sourceTree = "<group>"; };
		7093289B11C0C6E80094860B /* Twitter_SearchViewController.m */ = {isa = PBXFileReference; fileEncoding = 4; lastKnownFileType = sourcecode.c.objc; path = Twitter_SearchViewController.m; sourceTree = "<group>"; };
		7093289C11C0C6E80094860B /* Twitter_SearchViewController.xib */ = {isa = PBXFileReference; lastKnownFileType = file.xib; path = Twitter_SearchViewController.xib; sourceTree = "<group>"; };
		8D1107310486CEB800E47090 /* Twitter_Search-Info.plist */ = {isa = PBXFileReference; fileEncoding = 4; lastKnownFileType = text.plist.xml; path = "Twitter_Search-Info.plist"; plistStructureDefinitionIdentifier = "com.apple.xcode.plist.structure-definition.iphone.info-plist"; sourceTree = "<group>"; };
/* End PBXFileReference section */

/* Begin PBXFrameworksBuildPhase section */
		1D60588F0D05DD3D006BFB54 /* Frameworks */ = {
			isa = PBXFrameworksBuildPhase;
			buildActionMask = 2147483647;
			files = (
				1D60589F0D05DD5A006BFB54 /* Foundation.framework in Frameworks */,
				1DF5F4E00D08C38300B7A737 /* UIKit.framework in Frameworks */,
				288765A50DF7441C002DB57D /* CoreGraphics.framework in Frameworks */,
			);
			runOnlyForDeploymentPostprocessing = 0;
		};
/* End PBXFrameworksBuildPhase section */

/* Begin PBXGroup section */
		080E96DDFE201D6D7F000001 /* Classes */ = {
			isa = PBXGroup;
			children = (
				7093286011C0C3EE0094860B /* JSON */,
				1D3623240D0F684500981E51 /* Twitter_SearchAppDelegate.h */,
				1D3623250D0F684500981E51 /* Twitter_SearchAppDelegate.m */,
				709327A611C0B8970094860B /* Tweet.h */,
				709327A711C0B8970094860B /* Tweet.m */,
				7093289A11C0C6E80094860B /* Twitter_SearchViewController.h */,
				7093289B11C0C6E80094860B /* Twitter_SearchViewController.m */,
				7093289C11C0C6E80094860B /* Twitter_SearchViewController.xib */,
			);
			path = Classes;
			sourceTree = "<group>";
		};
		19C28FACFE9D520D11CA2CBB /* Products */ = {
			isa = PBXGroup;
			children = (
				1D6058910D05DD3D006BFB54 /* Twitter Search.app */,
			);
			name = Products;
			sourceTree = "<group>";
		};
		29B97314FDCFA39411CA2CEA /* CustomTemplate */ = {
			isa = PBXGroup;
			children = (
				080E96DDFE201D6D7F000001 /* Classes */,
				29B97315FDCFA39411CA2CEA /* Other Sources */,
				29B97317FDCFA39411CA2CEA /* Resources */,
				29B97323FDCFA39411CA2CEA /* Frameworks */,
				19C28FACFE9D520D11CA2CBB /* Products */,
			);
			name = CustomTemplate;
			sourceTree = "<group>";
		};
		29B97315FDCFA39411CA2CEA /* Other Sources */ = {
			isa = PBXGroup;
			children = (
				32CA4F630368D1EE00C91783 /* Twitter_Search_Prefix.pch */,
				29B97316FDCFA39411CA2CEA /* main.m */,
			);
			name = "Other Sources";
			sourceTree = "<group>";
		};
		29B97317FDCFA39411CA2CEA /* Resources */ = {
			isa = PBXGroup;
			children = (
				28AD733E0D9D9553002E5188 /* MainWindow.xib */,
				8D1107310486CEB800E47090 /* Twitter_Search-Info.plist */,
			);
			name = Resources;
			sourceTree = "<group>";
		};
		29B97323FDCFA39411CA2CEA /* Frameworks */ = {
			isa = PBXGroup;
			children = (
				1DF5F4DF0D08C38300B7A737 /* UIKit.framework */,
				1D30AB110D05D00D00671497 /* Foundation.framework */,
				288765A40DF7441C002DB57D /* CoreGraphics.framework */,
			);
			name = Frameworks;
			sourceTree = "<group>";
		};
		7093286011C0C3EE0094860B /* JSON */ = {
			isa = PBXGroup;
			children = (
				7093286111C0C3EE0094860B /* JSON.h */,
				7093286211C0C3EE0094860B /* NSObject+SBJSON.h */,
				7093286311C0C3EE0094860B /* NSObject+SBJSON.m */,
				7093286411C0C3EE0094860B /* NSString+SBJSON.h */,
				7093286511C0C3EE0094860B /* NSString+SBJSON.m */,
				7093286611C0C3EE0094860B /* SBJSON.h */,
				7093286711C0C3EE0094860B /* SBJSON.m */,
				7093286811C0C3EE0094860B /* SBJsonBase.h */,
				7093286911C0C3EE0094860B /* SBJsonBase.m */,
				7093286A11C0C3EE0094860B /* SBJsonParser.h */,
				7093286B11C0C3EE0094860B /* SBJsonParser.m */,
				7093286C11C0C3EE0094860B /* SBJsonWriter.h */,
				7093286D11C0C3EE0094860B /* SBJsonWriter.m */,
			);
			name = JSON;
			path = Classes/JSON;
			sourceTree = SOURCE_ROOT;
		};
/* End PBXGroup section */

/* Begin PBXNativeTarget section */
		1D6058900D05DD3D006BFB54 /* Twitter Search */ = {
			isa = PBXNativeTarget;
			buildConfigurationList = 1D6058960D05DD3E006BFB54 /* Build configuration list for PBXNativeTarget "Twitter Search" */;
			buildPhases = (
				1D60588D0D05DD3D006BFB54 /* Resources */,
				1D60588E0D05DD3D006BFB54 /* Sources */,
				1D60588F0D05DD3D006BFB54 /* Frameworks */,
			);
			buildRules = (
			);
			dependencies = (
			);
			name = "Twitter Search";
			productName = "Twitter Search";
			productReference = 1D6058910D05DD3D006BFB54 /* Twitter Search.app */;
			productType = "com.apple.product-type.application";
		};
/* End PBXNativeTarget section */

/* Begin PBXProject section */
		29B97313FDCFA39411CA2CEA /* Project object */ = {
			isa = PBXProject;
			buildConfigurationList = C01FCF4E08A954540054247B /* Build configuration list for PBXProject "Twitter Search" */;
			compatibilityVersion = "Xcode 3.1";
			hasScannedForEncodings = 1;
			mainGroup = 29B97314FDCFA39411CA2CEA /* CustomTemplate */;
			projectDirPath = "";
			projectRoot = "";
			targets = (
				1D6058900D05DD3D006BFB54 /* Twitter Search */,
			);
		};
/* End PBXProject section */

/* Begin PBXResourcesBuildPhase section */
		1D60588D0D05DD3D006BFB54 /* Resources */ = {
			isa = PBXResourcesBuildPhase;
			buildActionMask = 2147483647;
			files = (
				28AD733F0D9D9553002E5188 /* MainWindow.xib in Resources */,
				7093289E11C0C6E80094860B /* Twitter_SearchViewController.xib in Resources */,
			);
			runOnlyForDeploymentPostprocessing = 0;
		};
/* End PBXResourcesBuildPhase section */

/* Begin PBXSourcesBuildPhase section */
		1D60588E0D05DD3D006BFB54 /* Sources */ = {
			isa = PBXSourcesBuildPhase;
			buildActionMask = 2147483647;
			files = (
				1D60589B0D05DD56006BFB54 /* main.m in Sources */,
				1D3623260D0F684500981E51 /* Twitter_SearchAppDelegate.m in Sources */,
				709327A811C0B8970094860B /* Tweet.m in Sources */,
				7093286E11C0C3EE0094860B /* NSObject+SBJSON.m in Sources */,
				7093286F11C0C3EE0094860B /* NSString+SBJSON.m in Sources */,
				7093287011C0C3EE0094860B /* SBJSON.m in Sources */,
				7093287111C0C3EE0094860B /* SBJsonBase.m in Sources */,
				7093287211C0C3EE0094860B /* SBJsonParser.m in Sources */,
				7093287311C0C3EE0094860B /* SBJsonWriter.m in Sources */,
				7093289D11C0C6E80094860B /* Twitter_SearchViewController.m in Sources */,
			);
			runOnlyForDeploymentPostprocessing = 0;
		};
/* End PBXSourcesBuildPhase section */

/* Begin XCBuildConfiguration section */
		1D6058940D05DD3E006BFB54 /* Debug */ = {
			isa = XCBuildConfiguration;
			buildSettings = {
				ALWAYS_SEARCH_USER_PATHS = NO;
				COPY_PHASE_STRIP = NO;
				GCC_DYNAMIC_NO_PIC = NO;
				GCC_OPTIMIZATION_LEVEL = 0;
				GCC_PRECOMPILE_PREFIX_HEADER = YES;
				GCC_PREFIX_HEADER = Twitter_Search_Prefix.pch;
				INFOPLIST_FILE = "Twitter_Search-Info.plist";
				LIBRARY_SEARCH_PATHS = (
					"$(inherited)",
					"\"$(SRCROOT)/JSON/iphoneos.sdk/usr/local/lib\"",
					"\"$(SRCROOT)/JSON/iphonesimulator.sdk/usr/local/lib\"",
					"\"$(SRCROOT)/JSON/macosx.sdk/usr/local/lib\"",
				);
				PRODUCT_NAME = "Twitter Search";
			};
			name = Debug;
		};
		1D6058950D05DD3E006BFB54 /* Release */ = {
			isa = XCBuildConfiguration;
			buildSettings = {
				ALWAYS_SEARCH_USER_PATHS = NO;
				COPY_PHASE_STRIP = YES;
				GCC_PRECOMPILE_PREFIX_HEADER = YES;
				GCC_PREFIX_HEADER = Twitter_Search_Prefix.pch;
				INFOPLIST_FILE = "Twitter_Search-Info.plist";
				LIBRARY_SEARCH_PATHS = (
					"$(inherited)",
					"\"$(SRCROOT)/JSON/iphoneos.sdk/usr/local/lib\"",
					"\"$(SRCROOT)/JSON/iphonesimulator.sdk/usr/local/lib\"",
					"\"$(SRCROOT)/JSON/macosx.sdk/usr/local/lib\"",
				);
				PRODUCT_NAME = "Twitter Search";
				VALIDATE_PRODUCT = YES;
			};
			name = Release;
		};
		C01FCF4F08A954540054247B /* Debug */ = {
			isa = XCBuildConfiguration;
			buildSettings = {
				ADDITIONAL_SDKS = "";
				ARCHS = "$(ARCHS_STANDARD_32_BIT)";
				"CODE_SIGN_IDENTITY[sdk=iphoneos*]" = "iPhone Developer";
				GCC_C_LANGUAGE_STANDARD = c99;
				GCC_VERSION = 4.2;
				GCC_WARN_ABOUT_RETURN_TYPE = YES;
				GCC_WARN_UNUSED_VARIABLE = YES;
				OTHER_LDFLAGS = "";
				PREBINDING = NO;
				SDKROOT = iphonesimulator4.0;
			};
			name = Debug;
		};
		C01FCF5008A954540054247B /* Release */ = {
			isa = XCBuildConfiguration;
			buildSettings = {
				ADDITIONAL_SDKS = "";
				ARCHS = "$(ARCHS_STANDARD_32_BIT)";
				"CODE_SIGN_IDENTITY[sdk=iphoneos*]" = "iPhone Developer";
				GCC_C_LANGUAGE_STANDARD = c99;
				GCC_VERSION = 4.2;
				GCC_WARN_ABOUT_RETURN_TYPE = YES;
				GCC_WARN_UNUSED_VARIABLE = YES;
				OTHER_CFLAGS = "-DNS_BLOCK_ASSERTIONS=1";
				OTHER_LDFLAGS = "";
				PREBINDING = NO;
				SDKROOT = iphonesimulator4.0;
			};
			name = Release;
		};
/* End XCBuildConfiguration section */

/* Begin XCConfigurationList section */
		1D6058960D05DD3E006BFB54 /* Build configuration list for PBXNativeTarget "Twitter Search" */ = {
			isa = XCConfigurationList;
			buildConfigurations = (
				1D6058940D05DD3E006BFB54 /* Debug */,
				1D6058950D05DD3E006BFB54 /* Release */,
			);
			defaultConfigurationIsVisible = 0;
			defaultConfigurationName = Release;
		};
		C01FCF4E08A954540054247B /* Build configuration list for PBXProject "Twitter Search" */ = {
			isa = XCConfigurationList;
			buildConfigurations = (
				C01FCF4F08A954540054247B /* Debug */,
				C01FCF5008A954540054247B /* Release */,
			);
			defaultConfigurationIsVisible = 0;
			defaultConfigurationName = Release;
		};
/* End XCConfigurationList section */
	};
	rootObject = 29B97313FDCFA39411CA2CEA /* Project object */;
}
